
Microsoft Visual Studio Solution File, Format Version 12.00
Project("{FAE04EC0-301F-11D3-BF4B-00C04F79EFBC}") = "EX001", "EX001\EX001.csproj", "{285F0E36-C89B-460E-A60D-DF7E074D1441}"
EndProject
Project("{FAE04EC0-301F-11D3-BF4B-00C04F79EFBC}") = "EX002", "EX002\EX002.csproj", "{496DEF36-A3E2-49E2-9219-46C82E7274F0}"
EndProject
Project("{FAE04EC0-301F-11D3-BF4B-00C04F79EFBC}") = "CaixaEletronico", "CaixaEletronico\CaixaEletronico.csproj", "{9B013423-59AA-4F46-9F10-7EC5F7700C0A}"
EndProject
Project("{2150E333-8FDC-42A3-9474-1A3956D46DE8}") = "EX001", "EX001", "{9DC3790D-87A5-46EB-814F-089CCEA4D0D5}"
EndProject
Project("{2150E333-8FDC-42A3-9474-1A3956D46DE8}") = "EX002", "EX002", "{DDDAAB80-1D45-4365-B969-E39193322A50}"
EndProject
Project("{2150E333-8FDC-42A3-9474-1A3956D46DE8}") = "EX003", "EX003", "{A63B43AB-D440-4B6B-A286-434E9B497E05}"
EndProject
Project("{2150E333-8FDC-42A3-9474-1A3956D46DE8}") = "EX004", "EX004", "{87EF9301-95A4-4E85-BE99-DEECFBAD380A}"
EndProject
Global
	GlobalSection(SolutionConfigurationPlatforms) = preSolution
		Debug|Any CPU = Debug|Any CPU
		Release|Any CPU = Release|Any CPU
	EndGlobalSection
	GlobalSection(ProjectConfigurationPlatforms) = postSolution
		{285F0E36-C89B-460E-A60D-DF7E074D1441}.Debug|Any CPU.ActiveCfg = Debug|Any CPU
		{285F0E36-C89B-460E-A60D-DF7E074D1441}.Debug|Any CPU.Build.0 = Debug|Any CPU
		{285F0E36-C89B-460E-A60D-DF7E074D1441}.Release|Any CPU.ActiveCfg = Release|Any CPU
		{285F0E36-C89B-460E-A60D-DF7E074D1441}.Release|Any CPU.Build.0 = Release|Any CPU
		{496DEF36-A3E2-49E2-9219-46C82E7274F0}.Debug|Any CPU.ActiveCfg = Debug|Any CPU
		{496DEF36-A3E2-49E2-9219-46C82E7274F0}.Debug|Any CPU.Build.0 = Debug|Any CPU
		{496DEF36-A3E2-49E2-9219-46C82E7274F0}.Release|Any CPU.ActiveCfg = Release|Any CPU
		{496DEF36-A3E2-49E2-9219-46C82E7274F0}.Release|Any CPU.Build.0 = Release|Any CPU
		{9B013423-59AA-4F46-9F10-7EC5F7700C0A}.Debug|Any CPU.ActiveCfg = Debug|Any CPU
		{9B013423-59AA-4F46-9F10-7EC5F7700C0A}.Debug|Any CPU.Build.0 = Debug|Any CPU
		{9B013423-59AA-4F46-9F10-7EC5F7700C0A}.Release|Any CPU.ActiveCfg = Release|Any CPU
		{9B013423-59AA-4F46-9F10-7EC5F7700C0A}.Release|Any CPU.Build.0 = Release|Any CPU
	EndGlobalSection
	GlobalSection(NestedProjects) = preSolution
		{496DEF36-A3E2-49E2-9219-46C82E7274F0} = {DDDAAB80-1D45-4365-B969-E39193322A50}
		{9B013423-59AA-4F46-9F10-7EC5F7700C0A} = {A63B43AB-D440-4B6B-A286-434E9B497E05}
		{285F0E36-C89B-460E-A60D-DF7E074D1441} = {9DC3790D-87A5-46EB-814F-089CCEA4D0D5}
	EndGlobalSection
EndGlobal
