
Microsoft Visual Studio Solution File, Format Version 12.00
Project("{FAE04EC0-301F-11D3-BF4B-00C04F79EFBC}") = "EX001", "EX001\EX001.csproj", "{285F0E36-C89B-460E-A60D-DF7E074D1441}"
EndProject
Project("{FAE04EC0-301F-11D3-BF4B-00C04F79EFBC}") = "EX002", "EX002\EX002.csproj", "{496DEF36-A3E2-49E2-9219-46C82E7274F0}"
EndProject
Project("{2150E333-8FDC-42A3-9474-1A3956D46DE8}") = "EX001", "EX001", "{9DC3790D-87A5-46EB-814F-089CCEA4D0D5}"
EndProject
Project("{2150E333-8FDC-42A3-9474-1A3956D46DE8}") = "EX002", "EX002", "{DDDAAB80-1D45-4365-B969-E39193322A50}"
EndProject
Project("{2150E333-8FDC-42A3-9474-1A3956D46DE8}") = "EX003", "EX003", "{CFFD2012-93EF-4FFF-BD45-CD8CA3963CC2}"
EndProject
Project("{FAE04EC0-301F-11D3-BF4B-00C04F79EFBC}") = "EX003-CaixaEletronico", "EX003-CaixaEletronico\EX003-CaixaEletronico.csproj", "{1B11D408-F7F9-48F1-A6F2-83196E4992B1}"
EndProject
Project("{2150E333-8FDC-42A3-9474-1A3956D46DE8}") = "EX004", "EX004", "{FA5D7F78-E476-4E67-8F49-E95F0EFAD724}"
EndProject
Project("{2150E333-8FDC-42A3-9474-1A3956D46DE8}") = "EX005", "EX005", "{E0ED47A3-DDA2-4B25-B953-D445A40D12C2}"
EndProject
Project("{FAE04EC0-301F-11D3-BF4B-00C04F79EFBC}") = "EX005-interface", "EX005-interface\EX005-interface.csproj", "{29116827-ABD4-4944-B769-06A966D99C01}"
EndProject
Project("{FAE04EC0-301F-11D3-BF4B-00C04F79EFBC}") = "EX004_heranca", "EX004_heranca\EX004_heranca.csproj", "{2517773B-40C3-43E4-B211-C808DA7172E8}"
EndProject
Project("{2150E333-8FDC-42A3-9474-1A3956D46DE8}") = "EX006", "EX006", "{8F4F9471-2211-4C87-9BEF-E103AD4B3C42}"
EndProject
Project("{FAE04EC0-301F-11D3-BF4B-00C04F79EFBC}") = "EX006", "EX006\EX006.csproj", "{89AC2D99-4913-4EA1-AED2-378B0514FE6C}"
EndProject
Global
	GlobalSection(SolutionConfigurationPlatforms) = preSolution
		Debug|Any CPU = Debug|Any CPU
		Release|Any CPU = Release|Any CPU
	EndGlobalSection
	GlobalSection(ProjectConfigurationPlatforms) = postSolution
		{285F0E36-C89B-460E-A60D-DF7E074D1441}.Debug|Any CPU.ActiveCfg = Debug|Any CPU
		{285F0E36-C89B-460E-A60D-DF7E074D1441}.Debug|Any CPU.Build.0 = Debug|Any CPU
		{285F0E36-C89B-460E-A60D-DF7E074D1441}.Release|Any CPU.ActiveCfg = Release|Any CPU
		{285F0E36-C89B-460E-A60D-DF7E074D1441}.Release|Any CPU.Build.0 = Release|Any CPU
		{496DEF36-A3E2-49E2-9219-46C82E7274F0}.Debug|Any CPU.ActiveCfg = Debug|Any CPU
		{496DEF36-A3E2-49E2-9219-46C82E7274F0}.Debug|Any CPU.Build.0 = Debug|Any CPU
		{496DEF36-A3E2-49E2-9219-46C82E7274F0}.Release|Any CPU.ActiveCfg = Release|Any CPU
		{496DEF36-A3E2-49E2-9219-46C82E7274F0}.Release|Any CPU.Build.0 = Release|Any CPU
		{1B11D408-F7F9-48F1-A6F2-83196E4992B1}.Debug|Any CPU.ActiveCfg = Debug|Any CPU
		{1B11D408-F7F9-48F1-A6F2-83196E4992B1}.Debug|Any CPU.Build.0 = Debug|Any CPU
		{1B11D408-F7F9-48F1-A6F2-83196E4992B1}.Release|Any CPU.ActiveCfg = Release|Any CPU
		{1B11D408-F7F9-48F1-A6F2-83196E4992B1}.Release|Any CPU.Build.0 = Release|Any CPU
		{29116827-ABD4-4944-B769-06A966D99C01}.Debug|Any CPU.ActiveCfg = Debug|Any CPU
		{29116827-ABD4-4944-B769-06A966D99C01}.Debug|Any CPU.Build.0 = Debug|Any CPU
		{29116827-ABD4-4944-B769-06A966D99C01}.Release|Any CPU.ActiveCfg = Release|Any CPU
		{29116827-ABD4-4944-B769-06A966D99C01}.Release|Any CPU.Build.0 = Release|Any CPU
		{2517773B-40C3-43E4-B211-C808DA7172E8}.Debug|Any CPU.ActiveCfg = Debug|Any CPU
		{2517773B-40C3-43E4-B211-C808DA7172E8}.Debug|Any CPU.Build.0 = Debug|Any CPU
		{2517773B-40C3-43E4-B211-C808DA7172E8}.Release|Any CPU.ActiveCfg = Release|Any CPU
		{2517773B-40C3-43E4-B211-C808DA7172E8}.Release|Any CPU.Build.0 = Release|Any CPU
		{89AC2D99-4913-4EA1-AED2-378B0514FE6C}.Debug|Any CPU.ActiveCfg = Debug|Any CPU
		{89AC2D99-4913-4EA1-AED2-378B0514FE6C}.Debug|Any CPU.Build.0 = Debug|Any CPU
		{89AC2D99-4913-4EA1-AED2-378B0514FE6C}.Release|Any CPU.ActiveCfg = Release|Any CPU
		{89AC2D99-4913-4EA1-AED2-378B0514FE6C}.Release|Any CPU.Build.0 = Release|Any CPU
	EndGlobalSection
	GlobalSection(NestedProjects) = preSolution
		{496DEF36-A3E2-49E2-9219-46C82E7274F0} = {DDDAAB80-1D45-4365-B969-E39193322A50}
		{285F0E36-C89B-460E-A60D-DF7E074D1441} = {9DC3790D-87A5-46EB-814F-089CCEA4D0D5}
		{1B11D408-F7F9-48F1-A6F2-83196E4992B1} = {CFFD2012-93EF-4FFF-BD45-CD8CA3963CC2}
		{29116827-ABD4-4944-B769-06A966D99C01} = {E0ED47A3-DDA2-4B25-B953-D445A40D12C2}
		{2517773B-40C3-43E4-B211-C808DA7172E8} = {FA5D7F78-E476-4E67-8F49-E95F0EFAD724}
		{89AC2D99-4913-4EA1-AED2-378B0514FE6C} = {8F4F9471-2211-4C87-9BEF-E103AD4B3C42}
	EndGlobalSection
EndGlobal
