
Microsoft Visual Studio Solution File, Format Version 12.00
Project("{FAE04EC0-301F-11D3-BF4B-00C04F79EFBC}") = "EX001", "EX001\EX001.csproj", "{285F0E36-C89B-460E-A60D-DF7E074D1441}"
EndProject
Project("{FAE04EC0-301F-11D3-BF4B-00C04F79EFBC}") = "EX002", "EX002\EX002.csproj", "{496DEF36-A3E2-49E2-9219-46C82E7274F0}"
EndProject
Project("{2150E333-8FDC-42A3-9474-1A3956D46DE8}") = "EX001", "EX001", "{9DC3790D-87A5-46EB-814F-089CCEA4D0D5}"
EndProject
Project("{2150E333-8FDC-42A3-9474-1A3956D46DE8}") = "EX002", "EX002", "{DDDAAB80-1D45-4365-B969-E39193322A50}"
EndProject
Project("{2150E333-8FDC-42A3-9474-1A3956D46DE8}") = "EX003", "EX003", "{CFFD2012-93EF-4FFF-BD45-CD8CA3963CC2}"
EndProject
Project("{FAE04EC0-301F-11D3-BF4B-00C04F79EFBC}") = "EX003-CaixaEletronico", "EX003-CaixaEletronico\EX003-CaixaEletronico.csproj", "{1B11D408-F7F9-48F1-A6F2-83196E4992B1}"
EndProject
Project("{2150E333-8FDC-42A3-9474-1A3956D46DE8}") = "EX004", "EX004", "{FA5D7F78-E476-4E67-8F49-E95F0EFAD724}"
EndProject
Project("{2150E333-8FDC-42A3-9474-1A3956D46DE8}") = "EX005", "EX005", "{E0ED47A3-DDA2-4B25-B953-D445A40D12C2}"
EndProject
Project("{FAE04EC0-301F-11D3-BF4B-00C04F79EFBC}") = "EX005-interface", "EX005-interface\EX005-interface.csproj", "{29116827-ABD4-4944-B769-06A966D99C01}"
EndProject
Project("{FAE04EC0-301F-11D3-BF4B-00C04F79EFBC}") = "EX004_heranca", "EX004_heranca\EX004_heranca.csproj", "{2517773B-40C3-43E4-B211-C808DA7172E8}"
EndProject
Project("{2150E333-8FDC-42A3-9474-1A3956D46DE8}") = "EX006", "EX006", "{8F4F9471-2211-4C87-9BEF-E103AD4B3C42}"
EndProject
Project("{FAE04EC0-301F-11D3-BF4B-00C04F79EFBC}") = "EX006", "EX006\EX006.csproj", "{89AC2D99-4913-4EA1-AED2-378B0514FE6C}"
EndProject
Project("{2150E333-8FDC-42A3-9474-1A3956D46DE8}") = "ListaAtividades", "ListaAtividades", "{DE6F551F-F963-42E0-AC48-D16AC28485AA}"
EndProject
Project("{FAE04EC0-301F-11D3-BF4B-00C04F79EFBC}") = "EX002-SomaMedia", "EX002-SomaMedia\EX002-SomaMedia.csproj", "{E891003B-D100-4B4C-8ADE-4644553049EE}"
EndProject
Project("{2150E333-8FDC-42A3-9474-1A3956D46DE8}") = "ListadeResumos", "ListadeResumos", "{C2E55A2C-8A0E-40FE-9AB8-DEB6D9CAEA33}"
EndProject
Project("{FAE04EC0-301F-11D3-BF4B-00C04F79EFBC}") = "Array", "Array\Array.csproj", "{65719C5D-D90B-477E-B100-D58CF93BE5CA}"
EndProject
Project("{FAE04EC0-301F-11D3-BF4B-00C04F79EFBC}") = "List", "List\List.csproj", "{CB6F9E99-237F-4076-BDD2-828DDA7AF19E}"
EndProject
Project("{FAE04EC0-301F-11D3-BF4B-00C04F79EFBC}") = "Loops", "Loops\Loops.csproj", "{423F3A81-381D-4860-816B-90DB2B145D7A}"
EndProject
Project("{FAE04EC0-301F-11D3-BF4B-00C04F79EFBC}") = "Metodos", "Metodos\Metodos.csproj", "{72D2BFAC-2160-4670-BEDB-F2A968E4DEBB}"
EndProject
Project("{FAE04EC0-301F-11D3-BF4B-00C04F79EFBC}") = "Classes", "Classes\Classes.csproj", "{D911715D-716D-426A-BA10-4105873596C5}"
EndProject
Project("{FAE04EC0-301F-11D3-BF4B-00C04F79EFBC}") = "String", "String\String.csproj", "{D832AB80-2C64-4DBE-B7C2-08735C9164AD}"
EndProject
Project("{FAE04EC0-301F-11D3-BF4B-00C04F79EFBC}") = "Ex001-PrimeiroArray", "Ex001-PrimeiroArray\Ex001-PrimeiroArray.csproj", "{4D8C5316-78F9-44BD-974F-659F28822910}"
EndProject
Project("{FAE04EC0-301F-11D3-BF4B-00C04F79EFBC}") = "EX003-MaiorMenor", "EX003-MaiorMenor\EX003-MaiorMenor.csproj", "{9F02FB8F-CB62-4605-B2B5-E15620066E47}"
EndProject
Project("{2150E333-8FDC-42A3-9474-1A3956D46DE8}") = "EX-emAula", "EX-emAula", "{2FD7215A-7F30-4841-BA94-D837E8436960}"
EndProject
Project("{FAE04EC0-301F-11D3-BF4B-00C04F79EFBC}") = "EX004-InversaoManual", "EX004-InversaoManual\EX004-InversaoManual.csproj", "{ED3E7906-F9FE-446A-8449-EC7F839E540F}"
EndProject
Project("{FAE04EC0-301F-11D3-BF4B-00C04F79EFBC}") = "EX005-ParImpar", "EX005-ParImpar\EX005-ParImpar.csproj", "{561E0F0E-D70F-471D-B083-8D37300CABE9}"
EndProject
Project("{FAE04EC0-301F-11D3-BF4B-00C04F79EFBC}") = "EX006-ListaCompras", "EX006-ListaCompras\EX006-ListaCompras.csproj", "{E187E416-0879-47F1-BBD8-83AEF33123B6}"
EndProject
Project("{FAE04EC0-301F-11D3-BF4B-00C04F79EFBC}") = "EX007-FiltroPositivoNegativo", "EX007-FiltroPositivoNegativo\EX007-FiltroPositivoNegativo.csproj", "{F19180E8-8A5D-4DA9-BDF3-97BCF451297F}"
EndProject
Project("{FAE04EC0-301F-11D3-BF4B-00C04F79EFBC}") = "EX008-RemoveDuplicate", "EX008-RemoveDuplicate\EX008-RemoveDuplicate.csproj", "{8106CE4D-5587-4453-8CDF-0DA5E2CCBC6C}"
EndProject
Project("{FAE04EC0-301F-11D3-BF4B-00C04F79EFBC}") = "EX009-CadastroAlunos", "EX009-CadastroAlunos\EX009-CadastroAlunos.csproj", "{E71C826A-10A1-4100-AA5C-F85171385FB9}"
EndProject
Project("{FAE04EC0-301F-11D3-BF4B-00C04F79EFBC}") = "EX010-OrdenacaoBusca", "EX010-OrdenacaoBusca\EX010-OrdenacaoBusca.csproj", "{6CD79A76-3BAC-4F80-AB56-55B74F910BE0}"
EndProject
Project("{FAE04EC0-301F-11D3-BF4B-00C04F79EFBC}") = "EX011-ComparacaoConversao", "EX011-ComparacaoConversao\EX011-ComparacaoConversao.csproj", "{C6A39217-DB00-449E-97DD-8AC5552FB0D9}"
EndProject
Project("{FAE04EC0-301F-11D3-BF4B-00C04F79EFBC}") = "EX012-ListaObjetos", "EX012-ListaObjetos\EX012-ListaObjetos.csproj", "{14B975C1-FCD8-4CC2-B20B-E5B83C93324D}"
EndProject
Project("{FAE04EC0-301F-11D3-BF4B-00C04F79EFBC}") = "EX013-ArrayListErro", "EX013-ArrayListErro\EX013-ArrayListErro.csproj", "{FA27A83C-433D-49F6-9BA7-A1B0FC96A511}"
EndProject
Project("{FAE04EC0-301F-11D3-BF4B-00C04F79EFBC}") = "EX014-JogodaForca", "EX014-JogodaForca\EX014-JogodaForca.csproj", "{A6914A1D-9F4C-4FD2-BD7F-7A7FAC50A2A9}"
EndProject
Project("{FAE04EC0-301F-11D3-BF4B-00C04F79EFBC}") = "EX015-SistemaNotas", "EX015-SistemaNotas\EX015-SistemaNotas.csproj", "{FE710B82-B573-47BA-8537-64FF641C97B2}"
EndProject
Global
	GlobalSection(SolutionConfigurationPlatforms) = preSolution
		Debug|Any CPU = Debug|Any CPU
		Release|Any CPU = Release|Any CPU
	EndGlobalSection
	GlobalSection(ProjectConfigurationPlatforms) = postSolution
		{285F0E36-C89B-460E-A60D-DF7E074D1441}.Debug|Any CPU.ActiveCfg = Debug|Any CPU
		{285F0E36-C89B-460E-A60D-DF7E074D1441}.Debug|Any CPU.Build.0 = Debug|Any CPU
		{285F0E36-C89B-460E-A60D-DF7E074D1441}.Release|Any CPU.ActiveCfg = Release|Any CPU
		{285F0E36-C89B-460E-A60D-DF7E074D1441}.Release|Any CPU.Build.0 = Release|Any CPU
		{496DEF36-A3E2-49E2-9219-46C82E7274F0}.Debug|Any CPU.ActiveCfg = Debug|Any CPU
		{496DEF36-A3E2-49E2-9219-46C82E7274F0}.Debug|Any CPU.Build.0 = Debug|Any CPU
		{496DEF36-A3E2-49E2-9219-46C82E7274F0}.Release|Any CPU.ActiveCfg = Release|Any CPU
		{496DEF36-A3E2-49E2-9219-46C82E7274F0}.Release|Any CPU.Build.0 = Release|Any CPU
		{1B11D408-F7F9-48F1-A6F2-83196E4992B1}.Debug|Any CPU.ActiveCfg = Debug|Any CPU
		{1B11D408-F7F9-48F1-A6F2-83196E4992B1}.Debug|Any CPU.Build.0 = Debug|Any CPU
		{1B11D408-F7F9-48F1-A6F2-83196E4992B1}.Release|Any CPU.ActiveCfg = Release|Any CPU
		{1B11D408-F7F9-48F1-A6F2-83196E4992B1}.Release|Any CPU.Build.0 = Release|Any CPU
		{29116827-ABD4-4944-B769-06A966D99C01}.Debug|Any CPU.ActiveCfg = Debug|Any CPU
		{29116827-ABD4-4944-B769-06A966D99C01}.Debug|Any CPU.Build.0 = Debug|Any CPU
		{29116827-ABD4-4944-B769-06A966D99C01}.Release|Any CPU.ActiveCfg = Release|Any CPU
		{29116827-ABD4-4944-B769-06A966D99C01}.Release|Any CPU.Build.0 = Release|Any CPU
		{2517773B-40C3-43E4-B211-C808DA7172E8}.Debug|Any CPU.ActiveCfg = Debug|Any CPU
		{2517773B-40C3-43E4-B211-C808DA7172E8}.Debug|Any CPU.Build.0 = Debug|Any CPU
		{2517773B-40C3-43E4-B211-C808DA7172E8}.Release|Any CPU.ActiveCfg = Release|Any CPU
		{2517773B-40C3-43E4-B211-C808DA7172E8}.Release|Any CPU.Build.0 = Release|Any CPU
		{89AC2D99-4913-4EA1-AED2-378B0514FE6C}.Debug|Any CPU.ActiveCfg = Debug|Any CPU
		{89AC2D99-4913-4EA1-AED2-378B0514FE6C}.Debug|Any CPU.Build.0 = Debug|Any CPU
		{89AC2D99-4913-4EA1-AED2-378B0514FE6C}.Release|Any CPU.ActiveCfg = Release|Any CPU
		{89AC2D99-4913-4EA1-AED2-378B0514FE6C}.Release|Any CPU.Build.0 = Release|Any CPU
		{E891003B-D100-4B4C-8ADE-4644553049EE}.Debug|Any CPU.ActiveCfg = Debug|Any CPU
		{E891003B-D100-4B4C-8ADE-4644553049EE}.Debug|Any CPU.Build.0 = Debug|Any CPU
		{E891003B-D100-4B4C-8ADE-4644553049EE}.Release|Any CPU.ActiveCfg = Release|Any CPU
		{E891003B-D100-4B4C-8ADE-4644553049EE}.Release|Any CPU.Build.0 = Release|Any CPU
		{65719C5D-D90B-477E-B100-D58CF93BE5CA}.Debug|Any CPU.ActiveCfg = Debug|Any CPU
		{65719C5D-D90B-477E-B100-D58CF93BE5CA}.Debug|Any CPU.Build.0 = Debug|Any CPU
		{65719C5D-D90B-477E-B100-D58CF93BE5CA}.Release|Any CPU.ActiveCfg = Release|Any CPU
		{65719C5D-D90B-477E-B100-D58CF93BE5CA}.Release|Any CPU.Build.0 = Release|Any CPU
		{CB6F9E99-237F-4076-BDD2-828DDA7AF19E}.Debug|Any CPU.ActiveCfg = Debug|Any CPU
		{CB6F9E99-237F-4076-BDD2-828DDA7AF19E}.Debug|Any CPU.Build.0 = Debug|Any CPU
		{CB6F9E99-237F-4076-BDD2-828DDA7AF19E}.Release|Any CPU.ActiveCfg = Release|Any CPU
		{CB6F9E99-237F-4076-BDD2-828DDA7AF19E}.Release|Any CPU.Build.0 = Release|Any CPU
		{423F3A81-381D-4860-816B-90DB2B145D7A}.Debug|Any CPU.ActiveCfg = Debug|Any CPU
		{423F3A81-381D-4860-816B-90DB2B145D7A}.Debug|Any CPU.Build.0 = Debug|Any CPU
		{423F3A81-381D-4860-816B-90DB2B145D7A}.Release|Any CPU.ActiveCfg = Release|Any CPU
		{423F3A81-381D-4860-816B-90DB2B145D7A}.Release|Any CPU.Build.0 = Release|Any CPU
		{72D2BFAC-2160-4670-BEDB-F2A968E4DEBB}.Debug|Any CPU.ActiveCfg = Debug|Any CPU
		{72D2BFAC-2160-4670-BEDB-F2A968E4DEBB}.Debug|Any CPU.Build.0 = Debug|Any CPU
		{72D2BFAC-2160-4670-BEDB-F2A968E4DEBB}.Release|Any CPU.ActiveCfg = Release|Any CPU
		{72D2BFAC-2160-4670-BEDB-F2A968E4DEBB}.Release|Any CPU.Build.0 = Release|Any CPU
		{D911715D-716D-426A-BA10-4105873596C5}.Debug|Any CPU.ActiveCfg = Debug|Any CPU
		{D911715D-716D-426A-BA10-4105873596C5}.Debug|Any CPU.Build.0 = Debug|Any CPU
		{D911715D-716D-426A-BA10-4105873596C5}.Release|Any CPU.ActiveCfg = Release|Any CPU
		{D911715D-716D-426A-BA10-4105873596C5}.Release|Any CPU.Build.0 = Release|Any CPU
		{D832AB80-2C64-4DBE-B7C2-08735C9164AD}.Debug|Any CPU.ActiveCfg = Debug|Any CPU
		{D832AB80-2C64-4DBE-B7C2-08735C9164AD}.Debug|Any CPU.Build.0 = Debug|Any CPU
		{D832AB80-2C64-4DBE-B7C2-08735C9164AD}.Release|Any CPU.ActiveCfg = Release|Any CPU
		{D832AB80-2C64-4DBE-B7C2-08735C9164AD}.Release|Any CPU.Build.0 = Release|Any CPU
		{4D8C5316-78F9-44BD-974F-659F28822910}.Debug|Any CPU.ActiveCfg = Debug|Any CPU
		{4D8C5316-78F9-44BD-974F-659F28822910}.Debug|Any CPU.Build.0 = Debug|Any CPU
		{4D8C5316-78F9-44BD-974F-659F28822910}.Release|Any CPU.ActiveCfg = Release|Any CPU
		{4D8C5316-78F9-44BD-974F-659F28822910}.Release|Any CPU.Build.0 = Release|Any CPU
		{9F02FB8F-CB62-4605-B2B5-E15620066E47}.Debug|Any CPU.ActiveCfg = Debug|Any CPU
		{9F02FB8F-CB62-4605-B2B5-E15620066E47}.Debug|Any CPU.Build.0 = Debug|Any CPU
		{9F02FB8F-CB62-4605-B2B5-E15620066E47}.Release|Any CPU.ActiveCfg = Release|Any CPU
		{9F02FB8F-CB62-4605-B2B5-E15620066E47}.Release|Any CPU.Build.0 = Release|Any CPU
		{ED3E7906-F9FE-446A-8449-EC7F839E540F}.Debug|Any CPU.ActiveCfg = Debug|Any CPU
		{ED3E7906-F9FE-446A-8449-EC7F839E540F}.Debug|Any CPU.Build.0 = Debug|Any CPU
		{ED3E7906-F9FE-446A-8449-EC7F839E540F}.Release|Any CPU.ActiveCfg = Release|Any CPU
		{ED3E7906-F9FE-446A-8449-EC7F839E540F}.Release|Any CPU.Build.0 = Release|Any CPU
		{561E0F0E-D70F-471D-B083-8D37300CABE9}.Debug|Any CPU.ActiveCfg = Debug|Any CPU
		{561E0F0E-D70F-471D-B083-8D37300CABE9}.Debug|Any CPU.Build.0 = Debug|Any CPU
		{561E0F0E-D70F-471D-B083-8D37300CABE9}.Release|Any CPU.ActiveCfg = Release|Any CPU
		{561E0F0E-D70F-471D-B083-8D37300CABE9}.Release|Any CPU.Build.0 = Release|Any CPU
		{E187E416-0879-47F1-BBD8-83AEF33123B6}.Debug|Any CPU.ActiveCfg = Debug|Any CPU
		{E187E416-0879-47F1-BBD8-83AEF33123B6}.Debug|Any CPU.Build.0 = Debug|Any CPU
		{E187E416-0879-47F1-BBD8-83AEF33123B6}.Release|Any CPU.ActiveCfg = Release|Any CPU
		{E187E416-0879-47F1-BBD8-83AEF33123B6}.Release|Any CPU.Build.0 = Release|Any CPU
		{F19180E8-8A5D-4DA9-BDF3-97BCF451297F}.Debug|Any CPU.ActiveCfg = Debug|Any CPU
		{F19180E8-8A5D-4DA9-BDF3-97BCF451297F}.Debug|Any CPU.Build.0 = Debug|Any CPU
		{F19180E8-8A5D-4DA9-BDF3-97BCF451297F}.Release|Any CPU.ActiveCfg = Release|Any CPU
		{F19180E8-8A5D-4DA9-BDF3-97BCF451297F}.Release|Any CPU.Build.0 = Release|Any CPU
		{8106CE4D-5587-4453-8CDF-0DA5E2CCBC6C}.Debug|Any CPU.ActiveCfg = Debug|Any CPU
		{8106CE4D-5587-4453-8CDF-0DA5E2CCBC6C}.Debug|Any CPU.Build.0 = Debug|Any CPU
		{8106CE4D-5587-4453-8CDF-0DA5E2CCBC6C}.Release|Any CPU.ActiveCfg = Release|Any CPU
		{8106CE4D-5587-4453-8CDF-0DA5E2CCBC6C}.Release|Any CPU.Build.0 = Release|Any CPU
		{E71C826A-10A1-4100-AA5C-F85171385FB9}.Debug|Any CPU.ActiveCfg = Debug|Any CPU
		{E71C826A-10A1-4100-AA5C-F85171385FB9}.Debug|Any CPU.Build.0 = Debug|Any CPU
		{E71C826A-10A1-4100-AA5C-F85171385FB9}.Release|Any CPU.ActiveCfg = Release|Any CPU
		{E71C826A-10A1-4100-AA5C-F85171385FB9}.Release|Any CPU.Build.0 = Release|Any CPU
		{6CD79A76-3BAC-4F80-AB56-55B74F910BE0}.Debug|Any CPU.ActiveCfg = Debug|Any CPU
		{6CD79A76-3BAC-4F80-AB56-55B74F910BE0}.Debug|Any CPU.Build.0 = Debug|Any CPU
		{6CD79A76-3BAC-4F80-AB56-55B74F910BE0}.Release|Any CPU.ActiveCfg = Release|Any CPU
		{6CD79A76-3BAC-4F80-AB56-55B74F910BE0}.Release|Any CPU.Build.0 = Release|Any CPU
		{C6A39217-DB00-449E-97DD-8AC5552FB0D9}.Debug|Any CPU.ActiveCfg = Debug|Any CPU
		{C6A39217-DB00-449E-97DD-8AC5552FB0D9}.Debug|Any CPU.Build.0 = Debug|Any CPU
		{C6A39217-DB00-449E-97DD-8AC5552FB0D9}.Release|Any CPU.ActiveCfg = Release|Any CPU
		{C6A39217-DB00-449E-97DD-8AC5552FB0D9}.Release|Any CPU.Build.0 = Release|Any CPU
		{14B975C1-FCD8-4CC2-B20B-E5B83C93324D}.Debug|Any CPU.ActiveCfg = Debug|Any CPU
		{14B975C1-FCD8-4CC2-B20B-E5B83C93324D}.Debug|Any CPU.Build.0 = Debug|Any CPU
		{14B975C1-FCD8-4CC2-B20B-E5B83C93324D}.Release|Any CPU.ActiveCfg = Release|Any CPU
		{14B975C1-FCD8-4CC2-B20B-E5B83C93324D}.Release|Any CPU.Build.0 = Release|Any CPU
		{FA27A83C-433D-49F6-9BA7-A1B0FC96A511}.Debug|Any CPU.ActiveCfg = Debug|Any CPU
		{FA27A83C-433D-49F6-9BA7-A1B0FC96A511}.Debug|Any CPU.Build.0 = Debug|Any CPU
		{FA27A83C-433D-49F6-9BA7-A1B0FC96A511}.Release|Any CPU.ActiveCfg = Release|Any CPU
		{FA27A83C-433D-49F6-9BA7-A1B0FC96A511}.Release|Any CPU.Build.0 = Release|Any CPU
		{A6914A1D-9F4C-4FD2-BD7F-7A7FAC50A2A9}.Debug|Any CPU.ActiveCfg = Debug|Any CPU
		{A6914A1D-9F4C-4FD2-BD7F-7A7FAC50A2A9}.Debug|Any CPU.Build.0 = Debug|Any CPU
		{A6914A1D-9F4C-4FD2-BD7F-7A7FAC50A2A9}.Release|Any CPU.ActiveCfg = Release|Any CPU
		{A6914A1D-9F4C-4FD2-BD7F-7A7FAC50A2A9}.Release|Any CPU.Build.0 = Release|Any CPU
		{FE710B82-B573-47BA-8537-64FF641C97B2}.Debug|Any CPU.ActiveCfg = Debug|Any CPU
		{FE710B82-B573-47BA-8537-64FF641C97B2}.Debug|Any CPU.Build.0 = Debug|Any CPU
		{FE710B82-B573-47BA-8537-64FF641C97B2}.Release|Any CPU.ActiveCfg = Release|Any CPU
		{FE710B82-B573-47BA-8537-64FF641C97B2}.Release|Any CPU.Build.0 = Release|Any CPU
	EndGlobalSection
	GlobalSection(NestedProjects) = preSolution
		{496DEF36-A3E2-49E2-9219-46C82E7274F0} = {DDDAAB80-1D45-4365-B969-E39193322A50}
		{285F0E36-C89B-460E-A60D-DF7E074D1441} = {9DC3790D-87A5-46EB-814F-089CCEA4D0D5}
		{1B11D408-F7F9-48F1-A6F2-83196E4992B1} = {CFFD2012-93EF-4FFF-BD45-CD8CA3963CC2}
		{29116827-ABD4-4944-B769-06A966D99C01} = {E0ED47A3-DDA2-4B25-B953-D445A40D12C2}
		{2517773B-40C3-43E4-B211-C808DA7172E8} = {FA5D7F78-E476-4E67-8F49-E95F0EFAD724}
		{89AC2D99-4913-4EA1-AED2-378B0514FE6C} = {8F4F9471-2211-4C87-9BEF-E103AD4B3C42}
		{65719C5D-D90B-477E-B100-D58CF93BE5CA} = {C2E55A2C-8A0E-40FE-9AB8-DEB6D9CAEA33}
		{CB6F9E99-237F-4076-BDD2-828DDA7AF19E} = {C2E55A2C-8A0E-40FE-9AB8-DEB6D9CAEA33}
		{423F3A81-381D-4860-816B-90DB2B145D7A} = {C2E55A2C-8A0E-40FE-9AB8-DEB6D9CAEA33}
		{72D2BFAC-2160-4670-BEDB-F2A968E4DEBB} = {C2E55A2C-8A0E-40FE-9AB8-DEB6D9CAEA33}
		{D911715D-716D-426A-BA10-4105873596C5} = {C2E55A2C-8A0E-40FE-9AB8-DEB6D9CAEA33}
		{D832AB80-2C64-4DBE-B7C2-08735C9164AD} = {C2E55A2C-8A0E-40FE-9AB8-DEB6D9CAEA33}
		{9DC3790D-87A5-46EB-814F-089CCEA4D0D5} = {2FD7215A-7F30-4841-BA94-D837E8436960}
		{DDDAAB80-1D45-4365-B969-E39193322A50} = {2FD7215A-7F30-4841-BA94-D837E8436960}
		{CFFD2012-93EF-4FFF-BD45-CD8CA3963CC2} = {2FD7215A-7F30-4841-BA94-D837E8436960}
		{FA5D7F78-E476-4E67-8F49-E95F0EFAD724} = {2FD7215A-7F30-4841-BA94-D837E8436960}
		{E0ED47A3-DDA2-4B25-B953-D445A40D12C2} = {2FD7215A-7F30-4841-BA94-D837E8436960}
		{8F4F9471-2211-4C87-9BEF-E103AD4B3C42} = {2FD7215A-7F30-4841-BA94-D837E8436960}
		{4D8C5316-78F9-44BD-974F-659F28822910} = {DE6F551F-F963-42E0-AC48-D16AC28485AA}
		{E891003B-D100-4B4C-8ADE-4644553049EE} = {DE6F551F-F963-42E0-AC48-D16AC28485AA}
		{9F02FB8F-CB62-4605-B2B5-E15620066E47} = {DE6F551F-F963-42E0-AC48-D16AC28485AA}
		{ED3E7906-F9FE-446A-8449-EC7F839E540F} = {DE6F551F-F963-42E0-AC48-D16AC28485AA}
		{561E0F0E-D70F-471D-B083-8D37300CABE9} = {DE6F551F-F963-42E0-AC48-D16AC28485AA}
		{E187E416-0879-47F1-BBD8-83AEF33123B6} = {DE6F551F-F963-42E0-AC48-D16AC28485AA}
		{F19180E8-8A5D-4DA9-BDF3-97BCF451297F} = {DE6F551F-F963-42E0-AC48-D16AC28485AA}
		{8106CE4D-5587-4453-8CDF-0DA5E2CCBC6C} = {DE6F551F-F963-42E0-AC48-D16AC28485AA}
		{E71C826A-10A1-4100-AA5C-F85171385FB9} = {DE6F551F-F963-42E0-AC48-D16AC28485AA}
		{6CD79A76-3BAC-4F80-AB56-55B74F910BE0} = {DE6F551F-F963-42E0-AC48-D16AC28485AA}
		{C6A39217-DB00-449E-97DD-8AC5552FB0D9} = {DE6F551F-F963-42E0-AC48-D16AC28485AA}
		{14B975C1-FCD8-4CC2-B20B-E5B83C93324D} = {DE6F551F-F963-42E0-AC48-D16AC28485AA}
		{FA27A83C-433D-49F6-9BA7-A1B0FC96A511} = {DE6F551F-F963-42E0-AC48-D16AC28485AA}
		{A6914A1D-9F4C-4FD2-BD7F-7A7FAC50A2A9} = {DE6F551F-F963-42E0-AC48-D16AC28485AA}
		{FE710B82-B573-47BA-8537-64FF641C97B2} = {DE6F551F-F963-42E0-AC48-D16AC28485AA}
	EndGlobalSection
EndGlobal
